
Microsoft Visual Studio Solution File, Format Version 12.00
# Visual Studio Version 17
VisualStudioVersion = 17.10.35122.118
MinimumVisualStudioVersion = 10.0.40219.1
Project("{8BC9CEB8-8B4A-11D0-8D11-00A0C91BC942}") = "BlankProject", "BlankProject\BlankProject.vcxproj", "{0F6A7705-8941-4D66-84F2-239AFD191F3E}"
EndProject
Project("{8BC9CEB8-8B4A-11D0-8D11-00A0C91BC942}") = "LaughEngine", "LaughEngine\LaughEngine.vcxproj", "{D9121A82-03AF-44B3-8988-C8C1EAB26D36}"
EndProject
Global
	GlobalSection(SolutionConfigurationPlatforms) = preSolution
		Debug|x64 = Debug|x64
		Release|x64 = Release|x64
	EndGlobalSection
	GlobalSection(ProjectConfigurationPlatforms) = postSolution
		{0F6A7705-8941-4D66-84F2-239AFD191F3E}.Debug|x64.ActiveCfg = Debug|x64
		{0F6A7705-8941-4D66-84F2-239AFD191F3E}.Debug|x64.Build.0 = Debug|x64
		{0F6A7705-8941-4D66-84F2-239AFD191F3E}.Release|x64.ActiveCfg = Release|x64
		{0F6A7705-8941-4D66-84F2-239AFD191F3E}.Release|x64.Build.0 = Release|x64
		{D9121A82-03AF-44B3-8988-C8C1EAB26D36}.Debug|x64.ActiveCfg = Debug|x64
		{D9121A82-03AF-44B3-8988-C8C1EAB26D36}.Debug|x64.Build.0 = Debug|x64
		{D9121A82-03AF-44B3-8988-C8C1EAB26D36}.Release|x64.ActiveCfg = Release|x64
		{D9121A82-03AF-44B3-8988-C8C1EAB26D36}.Release|x64.Build.0 = Release|x64
	EndGlobalSection
	GlobalSection(SolutionProperties) = preSolution
		HideSolutionNode = FALSE
	EndGlobalSection
	GlobalSection(ExtensibilityGlobals) = postSolution
		SolutionGuid = {F279E20B-C0CE-43B0-8C41-CD33A4C3EFA8}
	EndGlobalSection
EndGlobal
