
Microsoft Visual Studio Solution File, Format Version 12.00
# Visual Studio Version 17
VisualStudioVersion = 17.11.35222.181
MinimumVisualStudioVersion = 10.0.40219.1
Project("{8BC9CEB8-8B4A-11D0-8D11-00A0C91BC942}") = "LaughEngine", "LaughEngine\LaughEngine.vcxproj", "{FC6B04B1-A352-4D31-AB7F-1B47983119CE}"
EndProject
Project("{8BC9CEB8-8B4A-11D0-8D11-00A0C91BC942}") = "MyGame", "MyGame\MyGame.vcxproj", "{694A53EE-9D4E-4B24-B091-AE036033A226}"
EndProject
Global
	GlobalSection(SolutionConfigurationPlatforms) = preSolution
		Debug|x64 = Debug|x64
		Debug|x86 = Debug|x86
		Release|x64 = Release|x64
		Release|x86 = Release|x86
	EndGlobalSection
	GlobalSection(ProjectConfigurationPlatforms) = postSolution
		{FC6B04B1-A352-4D31-AB7F-1B47983119CE}.Debug|x64.ActiveCfg = Debug|x64
		{FC6B04B1-A352-4D31-AB7F-1B47983119CE}.Debug|x64.Build.0 = Debug|x64
		{FC6B04B1-A352-4D31-AB7F-1B47983119CE}.Debug|x86.ActiveCfg = Debug|x64
		{FC6B04B1-A352-4D31-AB7F-1B47983119CE}.Debug|x86.Build.0 = Debug|x64
		{FC6B04B1-A352-4D31-AB7F-1B47983119CE}.Release|x64.ActiveCfg = Release|x64
		{FC6B04B1-A352-4D31-AB7F-1B47983119CE}.Release|x64.Build.0 = Release|x64
		{FC6B04B1-A352-4D31-AB7F-1B47983119CE}.Release|x86.ActiveCfg = Release|x64
		{FC6B04B1-A352-4D31-AB7F-1B47983119CE}.Release|x86.Build.0 = Release|x64
		{694A53EE-9D4E-4B24-B091-AE036033A226}.Debug|x64.ActiveCfg = Debug|x64
		{694A53EE-9D4E-4B24-B091-AE036033A226}.Debug|x64.Build.0 = Debug|x64
		{694A53EE-9D4E-4B24-B091-AE036033A226}.Debug|x86.ActiveCfg = Debug|Win32
		{694A53EE-9D4E-4B24-B091-AE036033A226}.Debug|x86.Build.0 = Debug|Win32
		{694A53EE-9D4E-4B24-B091-AE036033A226}.Release|x64.ActiveCfg = Release|x64
		{694A53EE-9D4E-4B24-B091-AE036033A226}.Release|x64.Build.0 = Release|x64
		{694A53EE-9D4E-4B24-B091-AE036033A226}.Release|x86.ActiveCfg = Release|Win32
		{694A53EE-9D4E-4B24-B091-AE036033A226}.Release|x86.Build.0 = Release|Win32
	EndGlobalSection
	GlobalSection(SolutionProperties) = preSolution
		HideSolutionNode = FALSE
	EndGlobalSection
	GlobalSection(ExtensibilityGlobals) = postSolution
		SolutionGuid = {28D8FCA3-8B73-405B-AF0E-45D741CFC8ED}
	EndGlobalSection
EndGlobal
